Microsoft Visual Studio Solution File, Format Version 11.00
# Visual Studio 2008

Project("{0727C24E-C484-E017-5850-A0E366A7DD42}") = "Chess", "Assembly-CSharp.csproj", "{501BD3FF-7F48-2366-810A-1677FF50E37F}"
EndProject
Project("{0727C24E-C484-E017-5850-A0E366A7DD42}") = "Chess", "Assembly-CSharp-Editor-firstpass.csproj", "{37B4A155-4116-CA6B-55D5-D165F2D50C30}"
EndProject
Global
	GlobalSection(SolutionConfigurationPlatforms) = preSolution
		Debug|Any CPU = Debug|Any CPU
		Release|Any CPU = Release|Any CPU
	EndGlobalSection
	GlobalSection(ProjectConfigurationPlatforms) = postSolution
		{501BD3FF-7F48-2366-810A-1677FF50E37F}.Debug|Any CPU.ActiveCfg = Debug|Any CPU
		{501BD3FF-7F48-2366-810A-1677FF50E37F}.Debug|Any CPU.Build.0 = Debug|Any CPU
		{501BD3FF-7F48-2366-810A-1677FF50E37F}.Release|Any CPU.ActiveCfg = Release|Any CPU
		{501BD3FF-7F48-2366-810A-1677FF50E37F}.Release|Any CPU.Build.0 = Release|Any CPU
		{37B4A155-4116-CA6B-55D5-D165F2D50C30}.Debug|Any CPU.ActiveCfg = Debug|Any CPU
		{37B4A155-4116-CA6B-55D5-D165F2D50C30}.Debug|Any CPU.Build.0 = Debug|Any CPU
		{37B4A155-4116-CA6B-55D5-D165F2D50C30}.Release|Any CPU.ActiveCfg = Release|Any CPU
		{37B4A155-4116-CA6B-55D5-D165F2D50C30}.Release|Any CPU.Build.0 = Release|Any CPU
	EndGlobalSection
	GlobalSection(SolutionProperties) = preSolution
		HideSolutionNode = FALSE
	EndGlobalSection
	GlobalSection(MonoDevelopProperties) = preSolution
		StartupItem = Assembly-CSharp.csproj
	EndGlobalSection
EndGlobal
